
Microsoft Visual Studio Solution File, Format Version 12.00
# Visual Studio 15
VisualStudioVersion = 15.0.27428.2043
MinimumVisualStudioVersion = 10.0.40219.1
Project("{9A19103F-16F7-4668-BE54-9A1E7A4F7556}") = "EcommerceAPI", "EcommerceAPI\EcommerceAPI.csproj", "{A723CD6C-F9C2-4495-A554-DE3AADD1FD8B}"
EndProject
Project("{FAE04EC0-301F-11D3-BF4B-00C04F79EFBC}") = "EcommerceWeb", "EcommerceWeb\EcommerceWeb.csproj", "{CDDEB3B1-FEE6-4EE5-8EC0-EFF09F2E9478}"
EndProject
Global
	GlobalSection(SolutionConfigurationPlatforms) = preSolution
		Debug|Any CPU = Debug|Any CPU
		Release|Any CPU = Release|Any CPU
	EndGlobalSection
	GlobalSection(ProjectConfigurationPlatforms) = postSolution
		{A723CD6C-F9C2-4495-A554-DE3AADD1FD8B}.Debug|Any CPU.ActiveCfg = Debug|Any CPU
		{A723CD6C-F9C2-4495-A554-DE3AADD1FD8B}.Debug|Any CPU.Build.0 = Debug|Any CPU
		{A723CD6C-F9C2-4495-A554-DE3AADD1FD8B}.Release|Any CPU.ActiveCfg = Release|Any CPU
		{A723CD6C-F9C2-4495-A554-DE3AADD1FD8B}.Release|Any CPU.Build.0 = Release|Any CPU
		{CDDEB3B1-FEE6-4EE5-8EC0-EFF09F2E9478}.Debug|Any CPU.ActiveCfg = Debug|Any CPU
		{CDDEB3B1-FEE6-4EE5-8EC0-EFF09F2E9478}.Debug|Any CPU.Build.0 = Debug|Any CPU
		{CDDEB3B1-FEE6-4EE5-8EC0-EFF09F2E9478}.Release|Any CPU.ActiveCfg = Release|Any CPU
		{CDDEB3B1-FEE6-4EE5-8EC0-EFF09F2E9478}.Release|Any CPU.Build.0 = Release|Any CPU
	EndGlobalSection
	GlobalSection(SolutionProperties) = preSolution
		HideSolutionNode = FALSE
	EndGlobalSection
	GlobalSection(ExtensibilityGlobals) = postSolution
		SolutionGuid = {58C6D331-92C7-4DDB-B1FC-58FB3AB53C4D}
	EndGlobalSection
EndGlobal
